<?xml version="1.0" encoding="utf-8"?>
<Project ToolsVersion="4.0" xmlns="http://schemas.microsoft.com/developer/msbuild/2003">
  <ItemGroup>
    <Filter Include="Resource Files">
      <UniqueIdentifier>{67DA6AB6-F800-4c08-8B7A-83BB121AAD01}</UniqueIdentifier>
      <Extensions>qrc;rc;ico;cur;bmp;dlg;rc2;rct;bin;rgs;gif;jpg;jpeg;jpe;resx;tiff;tif;png;wav;mfcribbon-ms</Extensions>
    </Filter>
    <Filter Include="Thrift">
      <UniqueIdentifier>{55a548e8-fe75-484e-a6fd-0f2f2d017481}</UniqueIdentifier>
    </Filter>
    <Filter Include="Ui">
      <UniqueIdentifier>{336a2f1b-5741-4e7c-8ce0-1a33ba18edad}</UniqueIdentifier>
    </Filter>
    <Filter Include="Ui\Compnent">
      <UniqueIdentifier>{c222fc7b-7752-46e9-aa90-7a84d93e5a62}</UniqueIdentifier>
    </Filter>
    <Filter Include="Manager">
      <UniqueIdentifier>{2228c487-e75f-42e9-8e70-675a247c6d36}</UniqueIdentifier>
    </Filter>
    <Filter Include="Common">
      <UniqueIdentifier>{7cefbb1e-ec30-4982-a366-a7233bb71dae}</UniqueIdentifier>
    </Filter>
    <Filter Include="Thrift\gen-cpp">
      <UniqueIdentifier>{b416f509-b0f2-463f-b452-5dba71c53049}</UniqueIdentifier>
    </Filter>
  </ItemGroup>
  <ItemGroup>
    <ClCompile Include="Main.cpp" />
    <ClCompile Include="src\Manager\DBManager.cpp">
      <Filter>Manager</Filter>
    </ClCompile>
    <ClCompile Include="src\Manager\UiThriftManager.cpp">
      <Filter>Manager</Filter>
    </ClCompile>
    <ClCompile Include="src\Thrift\DeviceToUiHandler.cpp">
      <Filter>Thrift</Filter>
    </ClCompile>
    <ClCompile Include="src\Ui\environmentMonitorWidget.cpp">
      <Filter>Ui</Filter>
    </ClCompile>
    <ClCompile Include="src\Ui\mainWidget.cpp">
      <Filter>Ui</Filter>
    </ClCompile>
    <ClCompile Include="src\Ui\component\DlgDataTime.cpp">
      <Filter>Ui\Compnent</Filter>
    </ClCompile>
    <ClCompile Include="src\Ui\component\DlgTempChart.cpp">
      <Filter>Ui\Compnent</Filter>
    </ClCompile>
    <ClCompile Include="src\Common\Logs.cpp">
      <Filter>Common</Filter>
    </ClCompile>
    <ClCompile Include="src\Thrift\gen-cpp\DeviceToUi.cpp">
      <Filter>Thrift\gen-cpp</Filter>
    </ClCompile>
    <ClCompile Include="src\Thrift\gen-cpp\ServerToUi_types.cpp">
      <Filter>Thrift\gen-cpp</Filter>
    </ClCompile>
  </ItemGroup>
  <ItemGroup>
    <ClInclude Include="src\Manager\DBManager.h">
      <Filter>Manager</Filter>
    </ClInclude>
    <ClInclude Include="src\Manager\UiThriftManager.h">
      <Filter>Manager</Filter>
    </ClInclude>
    <ClInclude Include="src\Thrift\DeviceToUiHandler.h">
      <Filter>Thrift</Filter>
    </ClInclude>
    <ClInclude Include="src\Common\Logs.h">
      <Filter>Common</Filter>
    </ClInclude>
    <ClInclude Include="src\Thrift\gen-cpp\DeviceToUi.h">
      <Filter>Thrift\gen-cpp</Filter>
    </ClInclude>
    <ClInclude Include="src\Thrift\gen-cpp\ServerToUi_types.h">
      <Filter>Thrift\gen-cpp</Filter>
    </ClInclude>
  </ItemGroup>
  <ItemGroup>
    <QtMoc Include="src\Ui\environmentMonitorWidget.h">
      <Filter>Ui</Filter>
    </QtMoc>
    <QtMoc Include="src\Ui\mainWidget.h">
      <Filter>Ui</Filter>
    </QtMoc>
    <QtMoc Include="src\Ui\component\DlgDataTime.h">
      <Filter>Ui\Compnent</Filter>
    </QtMoc>
    <QtMoc Include="src\Ui\component\DlgTempChart.h">
      <Filter>Ui\Compnent</Filter>
    </QtMoc>
  </ItemGroup>
  <ItemGroup>
    <QtUic Include="src\Ui\environmentMonitorWidget.ui">
      <Filter>Ui</Filter>
    </QtUic>
    <QtUic Include="src\Ui\mainWidget.ui">
      <Filter>Ui</Filter>
    </QtUic>
  </ItemGroup>
  <ItemGroup>
    <QtRcc Include="UIResource.qrc">
      <Filter>Resource Files</Filter>
    </QtRcc>
  </ItemGroup>
</Project>