<?xml version="1.0" encoding="utf-8"?>
<Project ToolsVersion="4.0" xmlns="http://schemas.microsoft.com/developer/msbuild/2003">
  <ItemGroup>
    <ClCompile Include="main.cpp" />
    <ClCompile Include="Thrift\DeviceToUiProxy.cpp">
      <Filter>Thrift</Filter>
    </ClCompile>
    <ClCompile Include="Thrift\gen-cpp\DeviceToUi.cpp">
      <Filter>Thrift\gencpp</Filter>
    </ClCompile>
    <ClCompile Include="Thrift\gen-cpp\ServerToUi_types.cpp">
      <Filter>Thrift\gencpp</Filter>
    </ClCompile>
    <ClCompile Include="Device.cpp" />
    <ClCompile Include="Thread\ThreadBase.cpp">
      <Filter>Thread</Filter>
    </ClCompile>
    <ClCompile Include="Thread\ThreadMonitorBase.cpp">
      <Filter>Thread</Filter>
    </ClCompile>
    <ClCompile Include="Monitor\Monitor.cpp">
      <Filter>Monitor</Filter>
    </ClCompile>
    <ClCompile Include="Monitor\MonitorTempHumiThread.cpp">
      <Filter>Monitor</Filter>
    </ClCompile>
    <ClCompile Include="Module\ModuleBase.cpp">
      <Filter>Module</Filter>
    </ClCompile>
    <ClCompile Include="Module\ModuleSimuTemp.cpp">
      <Filter>Module</Filter>
    </ClCompile>
    <ClCompile Include="logs\logs.cpp">
      <Filter>logs</Filter>
    </ClCompile>
  </ItemGroup>
  <ItemGroup>
    <Filter Include="Thrift">
      <UniqueIdentifier>{2c9a9cec-8020-4dda-a3b5-91077cc6e466}</UniqueIdentifier>
    </Filter>
    <Filter Include="Thread">
      <UniqueIdentifier>{3b8b4bf0-da22-41ef-8782-f8400d42a934}</UniqueIdentifier>
    </Filter>
    <Filter Include="Monitor">
      <UniqueIdentifier>{ef679cba-3b6c-49d3-9beb-421b6ad061b0}</UniqueIdentifier>
    </Filter>
    <Filter Include="Module">
      <UniqueIdentifier>{e8fba9a0-a904-45ec-b00e-87d3e42751f3}</UniqueIdentifier>
    </Filter>
    <Filter Include="logs">
      <UniqueIdentifier>{2f74219a-1adc-46ca-b65e-602fe2043db1}</UniqueIdentifier>
    </Filter>
    <Filter Include="Thrift\gencpp">
      <UniqueIdentifier>{56fa3fc3-05f3-4ea4-8dbb-efad7167696c}</UniqueIdentifier>
    </Filter>
  </ItemGroup>
  <ItemGroup>
    <ClInclude Include="Thrift\DeviceToUiProxy.h">
      <Filter>Thrift</Filter>
    </ClInclude>
    <ClInclude Include="Thrift\gen-cpp\DeviceToUi.h">
      <Filter>Thrift\gencpp</Filter>
    </ClInclude>
    <ClInclude Include="Thrift\gen-cpp\ServerToUi_types.h">
      <Filter>Thrift\gencpp</Filter>
    </ClInclude>
    <ClInclude Include="Device.h" />
    <ClInclude Include="Thread\ThreadBase.h">
      <Filter>Thread</Filter>
    </ClInclude>
    <ClInclude Include="Thread\ThreadMonitorBase.h">
      <Filter>Thread</Filter>
    </ClInclude>
    <ClInclude Include="Monitor\Monitor.h">
      <Filter>Monitor</Filter>
    </ClInclude>
    <ClInclude Include="Monitor\MonitorTempHumiThread.h">
      <Filter>Monitor</Filter>
    </ClInclude>
    <ClInclude Include="Module\ModuleBase.h">
      <Filter>Module</Filter>
    </ClInclude>
    <ClInclude Include="Module\ModuleSimuTemp.h">
      <Filter>Module</Filter>
    </ClInclude>
    <ClInclude Include="logs\logs.h">
      <Filter>logs</Filter>
    </ClInclude>
  </ItemGroup>
</Project>